
Microsoft Visual Studio Solution File, Format Version 12.00
# Visual Studio Version 16
VisualStudioVersion = 16.0.29209.62
MinimumVisualStudioVersion = 10.0.40219.1
Project("{FAE04EC0-301F-11D3-BF4B-00C04F79EFBC}") = "DelegationGeneratorConsoleApp", "DelegationGeneratorConsoleApp\DelegationGeneratorConsoleApp.csproj", "{D7502E63-F004-45F9-BF64-7A21F5ABEFB2}"
EndProject
Global
	GlobalSection(SolutionConfigurationPlatforms) = preSolution
		Debug|Any CPU = Debug|Any CPU
		Release|Any CPU = Release|Any CPU
	EndGlobalSection
	GlobalSection(ProjectConfigurationPlatforms) = postSolution
		{D7502E63-F004-45F9-BF64-7A21F5ABEFB2}.Debug|Any CPU.ActiveCfg = Debug|Any CPU
		{D7502E63-F004-45F9-BF64-7A21F5ABEFB2}.Debug|Any CPU.Build.0 = Debug|Any CPU
		{D7502E63-F004-45F9-BF64-7A21F5ABEFB2}.Release|Any CPU.ActiveCfg = Release|Any CPU
		{D7502E63-F004-45F9-BF64-7A21F5ABEFB2}.Release|Any CPU.Build.0 = Release|Any CPU
	EndGlobalSection
	GlobalSection(SolutionProperties) = preSolution
		HideSolutionNode = FALSE
	EndGlobalSection
	GlobalSection(ExtensibilityGlobals) = postSolution
		SolutionGuid = {E8692A05-C891-4DE0-8856-F86615828138}
	EndGlobalSection
EndGlobal
